{
  "name": "common",
  "lockfileVersion": 2,
  "requires": true,
  "packages": {
    "": {
      "name": "common",
      "dependencies": {
        "crypto-hash": "^2.0.1"
      },
      "devDependencies": {
        "typescript": "^4.7.4"
      }
    },
    "node_modules/crypto-hash": {
      "version": "2.0.1",
      "resolved": "https://registry.npmjs.org/crypto-hash/-/crypto-hash-2.0.1.tgz",
      "integrity": "sha512-t4mkp7Vh6MuCZRBf0XLzBOfhkH3nW6YEAotMDSjshVQ1GffCMGdPLSr7pKH0rdXY02jTjAZ7QW2apD0buaZXcQ==",
      "engines": {
        "node": "^12.20.0 || ^14.13.1 || >=16.0.0"
      },
      "funding": {
        "url": "https://github.com/sponsors/sindresorhus"
      }
    },
    "node_modules/typescript": {
      "version": "4.7.4",
      "resolved": "https://registry.npmjs.org/typescript/-/typescript-4.7.4.tgz",
      "integrity": "sha512-C0WQT0gezHuw6AdY1M2jxUO83Rjf0HP7Sk1DtXj6j1EwkQNZrHAg2XPWlq62oqEhYvONq5pkC2Y9oPljWToLmQ==",
      "dev": true,
      "bin": {
        "tsc": "bin/tsc",
        "tsserver": "bin/tsserver"
      },
      "engines": {
        "node": ">=4.2.0"
      }
    }
  },
  "dependencies": {
    "crypto-hash": {
      "version": "2.0.1",
      "resolved": "https://registry.npmjs.org/crypto-hash/-/crypto-hash-2.0.1.tgz",
      "integrity": "sha512-t4mkp7Vh6MuCZRBf0XLzBOfhkH3nW6YEAotMDSjshVQ1GffCMGdPLSr7pKH0rdXY02jTjAZ7QW2apD0buaZXcQ=="
    },
    "typescript": {
      "version": "4.7.4",
      "resolved": "https://registry.npmjs.org/typescript/-/typescript-4.7.4.tgz",
      "integrity": "sha512-C0WQT0gezHuw6AdY1M2jxUO83Rjf0HP7Sk1DtXj6j1EwkQNZrHAg2XPWlq62oqEhYvONq5pkC2Y9oPljWToLmQ==",
      "dev": true
    }
  }
}
